
Microsoft Visual Studio Solution File, Format Version 12.00
# Visual Studio 15
VisualStudioVersion = 15.0.26430.16
MinimumVisualStudioVersion = 15.0.26124.0
Project("{9A19103F-16F7-4668-BE54-9A1E7A4F7556}") = "JsonTestCaseProviders.NUnit", "JsonTestCaseProviders.NUnit\JsonTestCaseProviders.NUnit.csproj", "{9D128B65-326D-45FA-ACD1-C21063406F1C}"
EndProject
Project("{9A19103F-16F7-4668-BE54-9A1E7A4F7556}") = "JsonTestCaseProviders.NUnit.Tests", "JsonTestCaseProviders.NUnit.Tests\JsonTestCaseProviders.NUnit.Tests.csproj", "{F9A2A0B8-15F1-41D7-89EC-786D8D0BFFD4}"
EndProject
Project("{2150E333-8FDC-42A3-9474-1A3956D46DE8}") = "Solution Items", "Solution Items", "{408FC9C5-3F64-411A-833A-D976FF994EED}"
	ProjectSection(SolutionItems) = preProject
		.gitignore = .gitignore
		README.md = README.md
	EndProjectSection
EndProject
Global
	GlobalSection(SolutionConfigurationPlatforms) = preSolution
		Debug|Any CPU = Debug|Any CPU
		Debug|x64 = Debug|x64
		Debug|x86 = Debug|x86
		Release|Any CPU = Release|Any CPU
		Release|x64 = Release|x64
		Release|x86 = Release|x86
	EndGlobalSection
	GlobalSection(ProjectConfigurationPlatforms) = postSolution
		{9D128B65-326D-45FA-ACD1-C21063406F1C}.Debug|Any CPU.ActiveCfg = Debug|Any CPU
		{9D128B65-326D-45FA-ACD1-C21063406F1C}.Debug|Any CPU.Build.0 = Debug|Any CPU
		{9D128B65-326D-45FA-ACD1-C21063406F1C}.Debug|x64.ActiveCfg = Debug|Any CPU
		{9D128B65-326D-45FA-ACD1-C21063406F1C}.Debug|x64.Build.0 = Debug|Any CPU
		{9D128B65-326D-45FA-ACD1-C21063406F1C}.Debug|x86.ActiveCfg = Debug|Any CPU
		{9D128B65-326D-45FA-ACD1-C21063406F1C}.Debug|x86.Build.0 = Debug|Any CPU
		{9D128B65-326D-45FA-ACD1-C21063406F1C}.Release|Any CPU.ActiveCfg = Release|Any CPU
		{9D128B65-326D-45FA-ACD1-C21063406F1C}.Release|Any CPU.Build.0 = Release|Any CPU
		{9D128B65-326D-45FA-ACD1-C21063406F1C}.Release|x64.ActiveCfg = Release|Any CPU
		{9D128B65-326D-45FA-ACD1-C21063406F1C}.Release|x64.Build.0 = Release|Any CPU
		{9D128B65-326D-45FA-ACD1-C21063406F1C}.Release|x86.ActiveCfg = Release|Any CPU
		{9D128B65-326D-45FA-ACD1-C21063406F1C}.Release|x86.Build.0 = Release|Any CPU
		{F9A2A0B8-15F1-41D7-89EC-786D8D0BFFD4}.Debug|Any CPU.ActiveCfg = Debug|Any CPU
		{F9A2A0B8-15F1-41D7-89EC-786D8D0BFFD4}.Debug|Any CPU.Build.0 = Debug|Any CPU
		{F9A2A0B8-15F1-41D7-89EC-786D8D0BFFD4}.Debug|x64.ActiveCfg = Debug|Any CPU
		{F9A2A0B8-15F1-41D7-89EC-786D8D0BFFD4}.Debug|x64.Build.0 = Debug|Any CPU
		{F9A2A0B8-15F1-41D7-89EC-786D8D0BFFD4}.Debug|x86.ActiveCfg = Debug|Any CPU
		{F9A2A0B8-15F1-41D7-89EC-786D8D0BFFD4}.Debug|x86.Build.0 = Debug|Any CPU
		{F9A2A0B8-15F1-41D7-89EC-786D8D0BFFD4}.Release|Any CPU.ActiveCfg = Release|Any CPU
		{F9A2A0B8-15F1-41D7-89EC-786D8D0BFFD4}.Release|Any CPU.Build.0 = Release|Any CPU
		{F9A2A0B8-15F1-41D7-89EC-786D8D0BFFD4}.Release|x64.ActiveCfg = Release|Any CPU
		{F9A2A0B8-15F1-41D7-89EC-786D8D0BFFD4}.Release|x64.Build.0 = Release|Any CPU
		{F9A2A0B8-15F1-41D7-89EC-786D8D0BFFD4}.Release|x86.ActiveCfg = Release|Any CPU
		{F9A2A0B8-15F1-41D7-89EC-786D8D0BFFD4}.Release|x86.Build.0 = Release|Any CPU
	EndGlobalSection
	GlobalSection(SolutionProperties) = preSolution
		HideSolutionNode = FALSE
	EndGlobalSection
EndGlobal
